// !$*UTF8*$!
{
	archiveVersion = 1;
	classes = {
	};
	objectVersion = 50;
	objects = {

/* Begin PBXBuildFile section */
		6E261BE3246BC0C10007302E /* AppDelegate.swift in Sources */ = {isa = PBXBuildFile; fileRef = 6E261BE2246BC0C10007302E /* AppDelegate.swift */; };
		6E261BE5246BC0C10007302E /* SceneDelegate.swift in Sources */ = {isa = PBXBuildFile; fileRef = 6E261BE4246BC0C10007302E /* SceneDelegate.swift */; };
		6E261BE7246BC0C10007302E /* ViewController.swift in Sources */ = {isa = PBXBuildFile; fileRef = 6E261BE6246BC0C10007302E /* ViewController.swift */; };
		6E261BEA246BC0C10007302E /* Main.storyboard in Resources */ = {isa = PBXBuildFile; fileRef = 6E261BE8246BC0C10007302E /* Main.storyboard */; };
		6E261BEC246BC0C50007302E /* Assets.xcassets in Resources */ = {isa = PBXBuildFile; fileRef = 6E261BEB246BC0C50007302E /* Assets.xcassets */; };
		6E261BEF246BC0C50007302E /* LaunchScreen.storyboard in Resources */ = {isa = PBXBuildFile; fileRef = 6E261BED246BC0C50007302E /* LaunchScreen.storyboard */; };
		6E261BFA246BC0C60007302E /* TechMonTests.swift in Sources */ = {isa = PBXBuildFile; fileRef = 6E261BF9246BC0C60007302E /* TechMonTests.swift */; };
		6E261C05246BC0C60007302E /* TechMonUITests.swift in Sources */ = {isa = PBXBuildFile; fileRef = 6E261C04246BC0C60007302E /* TechMonUITests.swift */; };
		6E261C3C246BC7E30007302E /* LobbyViewController.swift in Sources */ = {isa = PBXBuildFile; fileRef = 6E261C3B246BC7E30007302E /* LobbyViewController.swift */; };
		6E261C3E246BC7FB0007302E /* BattleViewController.swift in Sources */ = {isa = PBXBuildFile; fileRef = 6E261C3D246BC7FB0007302E /* BattleViewController.swift */; };
		6E261C8B246BD3160007302E /* Icon in Resources */ = {isa = PBXBuildFile; fileRef = 6E261C71246BD3160007302E /* Icon */; };
		6E261C8C246BD3160007302E /* lobby.png in Resources */ = {isa = PBXBuildFile; fileRef = 6E261C73246BD3160007302E /* lobby.png */; };
		6E261C8D246BD3160007302E /* battlebg.png in Resources */ = {isa = PBXBuildFile; fileRef = 6E261C74246BD3160007302E /* battlebg.png */; };
		6E261C8E246BD3160007302E /* bgimage.jpg in Resources */ = {isa = PBXBuildFile; fileRef = 6E261C75246BD3160007302E /* bgimage.jpg */; };
		6E261C90246BD3160007302E /* waku.png in Resources */ = {isa = PBXBuildFile; fileRef = 6E261C77246BD3160007302E /* waku.png */; };
		6E261C91246BD3160007302E /* gold_button.png in Resources */ = {isa = PBXBuildFile; fileRef = 6E261C78246BD3160007302E /* gold_button.png */; };
		6E261C92246BD3160007302E /* yusya.png in Resources */ = {isa = PBXBuildFile; fileRef = 6E261C79246BD3160007302E /* yusya.png */; };
		6E261C93246BD3160007302E /* monster.png in Resources */ = {isa = PBXBuildFile; fileRef = 6E261C7A246BD3160007302E /* monster.png */; };
		6E261C95246BD3160007302E /* TechMonManager.swift in Sources */ = {isa = PBXBuildFile; fileRef = 6E261C7D246BD3160007302E /* TechMonManager.swift */; };
		6E261C96246BD3160007302E /* Character.swift in Sources */ = {isa = PBXBuildFile; fileRef = 6E261C7E246BD3160007302E /* Character.swift */; };
		6E261C97246BD3160007302E /* SE_fanfare.mp3 in Resources */ = {isa = PBXBuildFile; fileRef = 6E261C80246BD3160007302E /* SE_fanfare.mp3 */; };
		6E261C98246BD3160007302E /* BGM_battle001.mp3 in Resources */ = {isa = PBXBuildFile; fileRef = 6E261C81246BD3160007302E /* BGM_battle001.mp3 */; };
		6E261C9A246BD3160007302E /* SE_fire.mp3 in Resources */ = {isa = PBXBuildFile; fileRef = 6E261C83246BD3160007302E /* SE_fire.mp3 */; };
		6E261C9B246BD3160007302E /* SE_attack.mp3 in Resources */ = {isa = PBXBuildFile; fileRef = 6E261C84246BD3160007302E /* SE_attack.mp3 */; };
		6E261C9C246BD3160007302E /* SE_gameover.mp3 in Resources */ = {isa = PBXBuildFile; fileRef = 6E261C85246BD3160007302E /* SE_gameover.mp3 */; };
		6E261C9D246BD3160007302E /* SE_charge.mp3 in Resources */ = {isa = PBXBuildFile; fileRef = 6E261C86246BD3160007302E /* SE_charge.mp3 */; };
		6E261C9E246BD3160007302E /* lobby.mp3 in Resources */ = {isa = PBXBuildFile; fileRef = 6E261C87246BD3160007302E /* lobby.mp3 */; };
		6E261CA0246BD3160007302E /* misaki_gothic.ttf in Resources */ = {isa = PBXBuildFile; fileRef = 6E261C8A246BD3160007302E /* misaki_gothic.ttf */; };
/* End PBXBuildFile section */

/* Begin PBXContainerItemProxy section */
		6E261BF6246BC0C60007302E /* PBXContainerItemProxy */ = {
			isa = PBXContainerItemProxy;
			containerPortal = 6E261BD7246BC0C10007302E /* Project object */;
			proxyType = 1;
			remoteGlobalIDString = 6E261BDE246BC0C10007302E;
			remoteInfo = TechMon;
		};
		6E261C01246BC0C60007302E /* PBXContainerItemProxy */ = {
			isa = PBXContainerItemProxy;
			containerPortal = 6E261BD7246BC0C10007302E /* Project object */;
			proxyType = 1;
			remoteGlobalIDString = 6E261BDE246BC0C10007302E;
			remoteInfo = TechMon;
		};
/* End PBXContainerItemProxy section */

/* Begin PBXFileReference section */
		6E261BDF246BC0C10007302E /* TechMon.app */ = {isa = PBXFileReference; explicitFileType = wrapper.application; includeInIndex = 0; path = TechMon.app; sourceTree = BUILT_PRODUCTS_DIR; };
		6E261BE2246BC0C10007302E /* AppDelegate.swift */ = {isa = PBXFileReference; lastKnownFileType = sourcecode.swift; path = AppDelegate.swift; sourceTree = "<group>"; };
		6E261BE4246BC0C10007302E /* SceneDelegate.swift */ = {isa = PBXFileReference; lastKnownFileType = sourcecode.swift; path = SceneDelegate.swift; sourceTree = "<group>"; };
		6E261BE6246BC0C10007302E /* ViewController.swift */ = {isa = PBXFileReference; lastKnownFileType = sourcecode.swift; path = ViewController.swift; sourceTree = "<group>"; };
		6E261BE9246BC0C10007302E /* Base */ = {isa = PBXFileReference; lastKnownFileType = file.storyboard; name = Base; path = Base.lproj/Main.storyboard; sourceTree = "<group>"; };
		6E261BEB246BC0C50007302E /* Assets.xcassets */ = {isa = PBXFileReference; lastKnownFileType = folder.assetcatalog; path = Assets.xcassets; sourceTree = "<group>"; };
		6E261BEE246BC0C50007302E /* Base */ = {isa = PBXFileReference; lastKnownFileType = file.storyboard; name = Base; path = Base.lproj/LaunchScreen.storyboard; sourceTree = "<group>"; };
		6E261BF0246BC0C50007302E /* Info.plist */ = {isa = PBXFileReference; lastKnownFileType = text.plist.xml; path = Info.plist; sourceTree = "<group>"; };
		6E261BF5246BC0C60007302E /* TechMonTests.xctest */ = {isa = PBXFileReference; explicitFileType = wrapper.cfbundle; includeInIndex = 0; path = TechMonTests.xctest; sourceTree = BUILT_PRODUCTS_DIR; };
		6E261BF9246BC0C60007302E /* TechMonTests.swift */ = {isa = PBXFileReference; lastKnownFileType = sourcecode.swift; path = TechMonTests.swift; sourceTree = "<group>"; };
		6E261BFB246BC0C60007302E /* Info.plist */ = {isa = PBXFileReference; lastKnownFileType = text.plist.xml; path = Info.plist; sourceTree = "<group>"; };
		6E261C00246BC0C60007302E /* TechMonUITests.xctest */ = {isa = PBXFileReference; explicitFileType = wrapper.cfbundle; includeInIndex = 0; path = TechMonUITests.xctest; sourceTree = BUILT_PRODUCTS_DIR; };
		6E261C04246BC0C60007302E /* TechMonUITests.swift */ = {isa = PBXFileReference; lastKnownFileType = sourcecode.swift; path = TechMonUITests.swift; sourceTree = "<group>"; };
		6E261C06246BC0C60007302E /* Info.plist */ = {isa = PBXFileReference; lastKnownFileType = text.plist.xml; path = Info.plist; sourceTree = "<group>"; };
		6E261C3B246BC7E30007302E /* LobbyViewController.swift */ = {isa = PBXFileReference; lastKnownFileType = sourcecode.swift; path = LobbyViewController.swift; sourceTree = "<group>"; };
		6E261C3D246BC7FB0007302E /* BattleViewController.swift */ = {isa = PBXFileReference; lastKnownFileType = sourcecode.swift; path = BattleViewController.swift; sourceTree = "<group>"; };
		6E261C71246BD3160007302E /* Icon */ = {isa = PBXFileReference; fileEncoding = 4; lastKnownFileType = text; path = "Icon"; sourceTree = "<group>"; };
		6E261C73246BD3160007302E /* lobby.png */ = {isa = PBXFileReference; lastKnownFileType = image.png; path = lobby.png; sourceTree = "<group>"; };
		6E261C74246BD3160007302E /* battlebg.png */ = {isa = PBXFileReference; lastKnownFileType = image.png; path = battlebg.png; sourceTree = "<group>"; };
		6E261C75246BD3160007302E /* bgimage.jpg */ = {isa = PBXFileReference; lastKnownFileType = image.jpeg; path = bgimage.jpg; sourceTree = "<group>"; };
		6E261C77246BD3160007302E /* waku.png */ = {isa = PBXFileReference; lastKnownFileType = image.png; path = waku.png; sourceTree = "<group>"; };
		6E261C78246BD3160007302E /* gold_button.png */ = {isa = PBXFileReference; lastKnownFileType = image.png; path = gold_button.png; sourceTree = "<group>"; };
		6E261C79246BD3160007302E /* yusya.png */ = {isa = PBXFileReference; lastKnownFileType = image.png; path = yusya.png; sourceTree = "<group>"; };
		6E261C7A246BD3160007302E /* monster.png */ = {isa = PBXFileReference; lastKnownFileType = image.png; path = monster.png; sourceTree = "<group>"; };
		6E261C7D246BD3160007302E /* TechMonManager.swift */ = {isa = PBXFileReference; fileEncoding = 4; lastKnownFileType = sourcecode.swift; path = TechMonManager.swift; sourceTree = "<group>"; };
		6E261C7E246BD3160007302E /* Character.swift */ = {isa = PBXFileReference; fileEncoding = 4; lastKnownFileType = sourcecode.swift; path = Character.swift; sourceTree = "<group>"; };
		6E261C80246BD3160007302E /* SE_fanfare.mp3 */ = {isa = PBXFileReference; lastKnownFileType = audio.mp3; path = SE_fanfare.mp3; sourceTree = "<group>"; };
		6E261C81246BD3160007302E /* BGM_battle001.mp3 */ = {isa = PBXFileReference; lastKnownFileType = audio.mp3; path = BGM_battle001.mp3; sourceTree = "<group>"; };
		6E261C83246BD3160007302E /* SE_fire.mp3 */ = {isa = PBXFileReference; lastKnownFileType = audio.mp3; path = SE_fire.mp3; sourceTree = "<group>"; };
		6E261C84246BD3160007302E /* SE_attack.mp3 */ = {isa = PBXFileReference; lastKnownFileType = audio.mp3; path = SE_attack.mp3; sourceTree = "<group>"; };
		6E261C85246BD3160007302E /* SE_gameover.mp3 */ = {isa = PBXFileReference; lastKnownFileType = audio.mp3; path = SE_gameover.mp3; sourceTree = "<group>"; };
		6E261C86246BD3160007302E /* SE_charge.mp3 */ = {isa = PBXFileReference; lastKnownFileType = audio.mp3; path = SE_charge.mp3; sourceTree = "<group>"; };
		6E261C87246BD3160007302E /* lobby.mp3 */ = {isa = PBXFileReference; lastKnownFileType = audio.mp3; path = lobby.mp3; sourceTree = "<group>"; };
		6E261C8A246BD3160007302E /* misaki_gothic.ttf */ = {isa = PBXFileReference; lastKnownFileType = file; path = misaki_gothic.ttf; sourceTree = "<group>"; };
/* End PBXFileReference section */

/* Begin PBXFrameworksBuildPhase section */
		6E261BDC246BC0C10007302E /* Frameworks */ = {
			isa = PBXFrameworksBuildPhase;
			buildActionMask = 2147483647;
			files = (
			);
			runOnlyForDeploymentPostprocessing = 0;
		};
		6E261BF2246BC0C60007302E /* Frameworks */ = {
			isa = PBXFrameworksBuildPhase;
			buildActionMask = 2147483647;
			files = (
			);
			runOnlyForDeploymentPostprocessing = 0;
		};
		6E261BFD246BC0C60007302E /* Frameworks */ = {
			isa = PBXFrameworksBuildPhase;
			buildActionMask = 2147483647;
			files = (
			);
			runOnlyForDeploymentPostprocessing = 0;
		};
/* End PBXFrameworksBuildPhase section */

/* Begin PBXGroup section */
		6E261BD6246BC0C10007302E = {
			isa = PBXGroup;
			children = (
				6E261BE1246BC0C10007302E /* TechMon */,
				6E261BF8246BC0C60007302E /* TechMonTests */,
				6E261C03246BC0C60007302E /* TechMonUITests */,
				6E261BE0246BC0C10007302E /* Products */,
			);
			sourceTree = "<group>";
		};
		6E261BE0246BC0C10007302E /* Products */ = {
			isa = PBXGroup;
			children = (
				6E261BDF246BC0C10007302E /* TechMon.app */,
				6E261BF5246BC0C60007302E /* TechMonTests.xctest */,
				6E261C00246BC0C60007302E /* TechMonUITests.xctest */,
			);
			name = Products;
			sourceTree = "<group>";
		};
		6E261BE1246BC0C10007302E /* TechMon */ = {
			isa = PBXGroup;
			children = (
				6E261BE2246BC0C10007302E /* AppDelegate.swift */,
				6E261BE4246BC0C10007302E /* SceneDelegate.swift */,
				6E261BE6246BC0C10007302E /* ViewController.swift */,
				6E261BE8246BC0C10007302E /* Main.storyboard */,
				6E261C3B246BC7E30007302E /* LobbyViewController.swift */,
				6E261C3D246BC7FB0007302E /* BattleViewController.swift */,
				6E261C70246BD3160007302E /* TechMon_Resource */,
				6E261BEB246BC0C50007302E /* Assets.xcassets */,
				6E261BED246BC0C50007302E /* LaunchScreen.storyboard */,
				6E261BF0246BC0C50007302E /* Info.plist */,
			);
			path = TechMon;
			sourceTree = "<group>";
		};
		6E261BF8246BC0C60007302E /* TechMonTests */ = {
			isa = PBXGroup;
			children = (
				6E261BF9246BC0C60007302E /* TechMonTests.swift */,
				6E261BFB246BC0C60007302E /* Info.plist */,
			);
			path = TechMonTests;
			sourceTree = "<group>";
		};
		6E261C03246BC0C60007302E /* TechMonUITests */ = {
			isa = PBXGroup;
			children = (
				6E261C04246BC0C60007302E /* TechMonUITests.swift */,
				6E261C06246BC0C60007302E /* Info.plist */,
			);
			path = TechMonUITests;
			sourceTree = "<group>";
		};
		6E261C70246BD3160007302E /* TechMon_Resource */ = {
			isa = PBXGroup;
			children = (
				6E261C71246BD3160007302E /* Icon */,
				6E261C72246BD3160007302E /* Images */,
				6E261C7B246BD3160007302E /* Models */,
				6E261C7F246BD3160007302E /* Sounds */,
				6E261C88246BD3160007302E /* Fonts */,
			);
			path = TechMon_Resource;
			sourceTree = "<group>";
		};
		6E261C72246BD3160007302E /* Images */ = {
			isa = PBXGroup;
			children = (
				6E261C73246BD3160007302E /* lobby.png */,
				6E261C74246BD3160007302E /* battlebg.png */,
				6E261C77246BD3160007302E /* waku.png */,
				6E261C75246BD3160007302E /* bgimage.jpg */,
				6E261C78246BD3160007302E /* gold_button.png */,
				6E261C79246BD3160007302E /* yusya.png */,
				6E261C7A246BD3160007302E /* monster.png */,
			);
			path = Images;
			sourceTree = "<group>";
		};
		6E261C7B246BD3160007302E /* Models */ = {
			isa = PBXGroup;
			children = (
				6E261C7D246BD3160007302E /* TechMonManager.swift */,
				6E261C7E246BD3160007302E /* Character.swift */,
			);
			path = Models;
			sourceTree = "<group>";
		};
		6E261C7F246BD3160007302E /* Sounds */ = {
			isa = PBXGroup;
			children = (
				6E261C80246BD3160007302E /* SE_fanfare.mp3 */,
				6E261C81246BD3160007302E /* BGM_battle001.mp3 */,
				6E261C83246BD3160007302E /* SE_fire.mp3 */,
				6E261C84246BD3160007302E /* SE_attack.mp3 */,
				6E261C85246BD3160007302E /* SE_gameover.mp3 */,
				6E261C86246BD3160007302E /* SE_charge.mp3 */,
				6E261C87246BD3160007302E /* lobby.mp3 */,
			);
			path = Sounds;
			sourceTree = "<group>";
		};
		6E261C88246BD3160007302E /* Fonts */ = {
			isa = PBXGroup;
			children = (
				6E261C8A246BD3160007302E /* misaki_gothic.ttf */,
			);
			path = Fonts;
			sourceTree = "<group>";
		};
/* End PBXGroup section */

/* Begin PBXNativeTarget section */
		6E261BDE246BC0C10007302E /* TechMon */ = {
			isa = PBXNativeTarget;
			buildConfigurationList = 6E261C09246BC0C60007302E /* Build configuration list for PBXNativeTarget "TechMon" */;
			buildPhases = (
				6E261BDB246BC0C10007302E /* Sources */,
				6E261BDC246BC0C10007302E /* Frameworks */,
				6E261BDD246BC0C10007302E /* Resources */,
			);
			buildRules = (
			);
			dependencies = (
			);
			name = TechMon;
			productName = TechMon;
			productReference = 6E261BDF246BC0C10007302E /* TechMon.app */;
			productType = "com.apple.product-type.application";
		};
		6E261BF4246BC0C60007302E /* TechMonTests */ = {
			isa = PBXNativeTarget;
			buildConfigurationList = 6E261C0C246BC0C60007302E /* Build configuration list for PBXNativeTarget "TechMonTests" */;
			buildPhases = (
				6E261BF1246BC0C60007302E /* Sources */,
				6E261BF2246BC0C60007302E /* Frameworks */,
				6E261BF3246BC0C60007302E /* Resources */,
			);
			buildRules = (
			);
			dependencies = (
				6E261BF7246BC0C60007302E /* PBXTargetDependency */,
			);
			name = TechMonTests;
			productName = TechMonTests;
			productReference = 6E261BF5246BC0C60007302E /* TechMonTests.xctest */;
			productType = "com.apple.product-type.bundle.unit-test";
		};
		6E261BFF246BC0C60007302E /* TechMonUITests */ = {
			isa = PBXNativeTarget;
			buildConfigurationList = 6E261C0F246BC0C60007302E /* Build configuration list for PBXNativeTarget "TechMonUITests" */;
			buildPhases = (
				6E261BFC246BC0C60007302E /* Sources */,
				6E261BFD246BC0C60007302E /* Frameworks */,
				6E261BFE246BC0C60007302E /* Resources */,
			);
			buildRules = (
			);
			dependencies = (
				6E261C02246BC0C60007302E /* PBXTargetDependency */,
			);
			name = TechMonUITests;
			productName = TechMonUITests;
			productReference = 6E261C00246BC0C60007302E /* TechMonUITests.xctest */;
			productType = "com.apple.product-type.bundle.ui-testing";
		};
/* End PBXNativeTarget section */

/* Begin PBXProject section */
		6E261BD7246BC0C10007302E /* Project object */ = {
			isa = PBXProject;
			attributes = {
				LastSwiftUpdateCheck = 1140;
				LastUpgradeCheck = 1140;
				ORGANIZATIONNAME = "Okada Hattsunn";
				TargetAttributes = {
					6E261BDE246BC0C10007302E = {
						CreatedOnToolsVersion = 11.4.1;
					};
					6E261BF4246BC0C60007302E = {
						CreatedOnToolsVersion = 11.4.1;
						TestTargetID = 6E261BDE246BC0C10007302E;
					};
					6E261BFF246BC0C60007302E = {
						CreatedOnToolsVersion = 11.4.1;
						TestTargetID = 6E261BDE246BC0C10007302E;
					};
				};
			};
			buildConfigurationList = 6E261BDA246BC0C10007302E /* Build configuration list for PBXProject "TechMon" */;
			compatibilityVersion = "Xcode 9.3";
			developmentRegion = en;
			hasScannedForEncodings = 0;
			knownRegions = (
				en,
				Base,
			);
			mainGroup = 6E261BD6246BC0C10007302E;
			productRefGroup = 6E261BE0246BC0C10007302E /* Products */;
			projectDirPath = "";
			projectRoot = "";
			targets = (
				6E261BDE246BC0C10007302E /* TechMon */,
				6E261BF4246BC0C60007302E /* TechMonTests */,
				6E261BFF246BC0C60007302E /* TechMonUITests */,
			);
		};
/* End PBXProject section */

/* Begin PBXResourcesBuildPhase section */
		6E261BDD246BC0C10007302E /* Resources */ = {
			isa = PBXResourcesBuildPhase;
			buildActionMask = 2147483647;
			files = (
				6E261C9D246BD3160007302E /* SE_charge.mp3 in Resources */,
				6E261C9E246BD3160007302E /* lobby.mp3 in Resources */,
				6E261C8E246BD3160007302E /* bgimage.jpg in Resources */,
				6E261BEF246BC0C50007302E /* LaunchScreen.storyboard in Resources */,
				6E261C93246BD3160007302E /* monster.png in Resources */,
				6E261C98246BD3160007302E /* BGM_battle001.mp3 in Resources */,
				6E261C90246BD3160007302E /* waku.png in Resources */,
				6E261CA0246BD3160007302E /* misaki_gothic.ttf in Resources */,
				6E261C9A246BD3160007302E /* SE_fire.mp3 in Resources */,
				6E261C91246BD3160007302E /* gold_button.png in Resources */,
				6E261C97246BD3160007302E /* SE_fanfare.mp3 in Resources */,
				6E261BEC246BC0C50007302E /* Assets.xcassets in Resources */,
				6E261C92246BD3160007302E /* yusya.png in Resources */,
				6E261BEA246BC0C10007302E /* Main.storyboard in Resources */,
				6E261C9B246BD3160007302E /* SE_attack.mp3 in Resources */,
				6E261C8B246BD3160007302E /* Icon in Resources */,
				6E261C8D246BD3160007302E /* battlebg.png in Resources */,
				6E261C9C246BD3160007302E /* SE_gameover.mp3 in Resources */,
				6E261C8C246BD3160007302E /* lobby.png in Resources */,
			);
			runOnlyForDeploymentPostprocessing = 0;
		};
		6E261BF3246BC0C60007302E /* Resources */ = {
			isa = PBXResourcesBuildPhase;
			buildActionMask = 2147483647;
			files = (
			);
			runOnlyForDeploymentPostprocessing = 0;
		};
		6E261BFE246BC0C60007302E /* Resources */ = {
			isa = PBXResourcesBuildPhase;
			buildActionMask = 2147483647;
			files = (
			);
			runOnlyForDeploymentPostprocessing = 0;
		};
/* End PBXResourcesBuildPhase section */

/* Begin PBXSourcesBuildPhase section */
		6E261BDB246BC0C10007302E /* Sources */ = {
			isa = PBXSourcesBuildPhase;
			buildActionMask = 2147483647;
			files = (
				6E261C95246BD3160007302E /* TechMonManager.swift in Sources */,
				6E261C3E246BC7FB0007302E /* BattleViewController.swift in Sources */,
				6E261C96246BD3160007302E /* Character.swift in Sources */,
				6E261BE7246BC0C10007302E /* ViewController.swift in Sources */,
				6E261BE3246BC0C10007302E /* AppDelegate.swift in Sources */,
				6E261BE5246BC0C10007302E /* SceneDelegate.swift in Sources */,
				6E261C3C246BC7E30007302E /* LobbyViewController.swift in Sources */,
			);
			runOnlyForDeploymentPostprocessing = 0;
		};
		6E261BF1246BC0C60007302E /* Sources */ = {
			isa = PBXSourcesBuildPhase;
			buildActionMask = 2147483647;
			files = (
				6E261BFA246BC0C60007302E /* TechMonTests.swift in Sources */,
			);
			runOnlyForDeploymentPostprocessing = 0;
		};
		6E261BFC246BC0C60007302E /* Sources */ = {
			isa = PBXSourcesBuildPhase;
			buildActionMask = 2147483647;
			files = (
				6E261C05246BC0C60007302E /* TechMonUITests.swift in Sources */,
			);
			runOnlyForDeploymentPostprocessing = 0;
		};
/* End PBXSourcesBuildPhase section */

/* Begin PBXTargetDependency section */
		6E261BF7246BC0C60007302E /* PBXTargetDependency */ = {
			isa = PBXTargetDependency;
			target = 6E261BDE246BC0C10007302E /* TechMon */;
			targetProxy = 6E261BF6246BC0C60007302E /* PBXContainerItemProxy */;
		};
		6E261C02246BC0C60007302E /* PBXTargetDependency */ = {
			isa = PBXTargetDependency;
			target = 6E261BDE246BC0C10007302E /* TechMon */;
			targetProxy = 6E261C01246BC0C60007302E /* PBXContainerItemProxy */;
		};
/* End PBXTargetDependency section */

/* Begin PBXVariantGroup section */
		6E261BE8246BC0C10007302E /* Main.storyboard */ = {
			isa = PBXVariantGroup;
			children = (
				6E261BE9246BC0C10007302E /* Base */,
			);
			name = Main.storyboard;
			sourceTree = "<group>";
		};
		6E261BED246BC0C50007302E /* LaunchScreen.storyboard */ = {
			isa = PBXVariantGroup;
			children = (
				6E261BEE246BC0C50007302E /* Base */,
			);
			name = LaunchScreen.storyboard;
			sourceTree = "<group>";
		};
/* End PBXVariantGroup section */

/* Begin XCBuildConfiguration section */
		6E261C07246BC0C60007302E /* Debug */ = {
			isa = XCBuildConfiguration;
			buildSettings = {
				ALWAYS_SEARCH_USER_PATHS = NO;
				CLANG_ANALYZER_NONNULL = YES;
				CLANG_ANALYZER_NUMBER_OBJECT_CONVERSION = YES_AGGRESSIVE;
				CLANG_CXX_LANGUAGE_STANDARD = "gnu++14";
				CLANG_CXX_LIBRARY = "libc++";
				CLANG_ENABLE_MODULES = YES;
				CLANG_ENABLE_OBJC_ARC = YES;
				CLANG_ENABLE_OBJC_WEAK = YES;
				CLANG_WARN_BLOCK_CAPTURE_AUTORELEASING = YES;
				CLANG_WARN_BOOL_CONVERSION = YES;
				CLANG_WARN_COMMA = YES;
				CLANG_WARN_CONSTANT_CONVERSION = YES;
				CLANG_WARN_DEPRECATED_OBJC_IMPLEMENTATIONS = YES;
				CLANG_WARN_DIRECT_OBJC_ISA_USAGE = YES_ERROR;
				CLANG_WARN_DOCUMENTATION_COMMENTS = YES;
				CLANG_WARN_EMPTY_BODY = YES;
				CLANG_WARN_ENUM_CONVERSION = YES;
				CLANG_WARN_INFINITE_RECURSION = YES;
				CLANG_WARN_INT_CONVERSION = YES;
				CLANG_WARN_NON_LITERAL_NULL_CONVERSION = YES;
				CLANG_WARN_OBJC_IMPLICIT_RETAIN_SELF = YES;
				CLANG_WARN_OBJC_LITERAL_CONVERSION = YES;
				CLANG_WARN_OBJC_ROOT_CLASS = YES_ERROR;
				CLANG_WARN_RANGE_LOOP_ANALYSIS = YES;
				CLANG_WARN_STRICT_PROTOTYPES = YES;
				CLANG_WARN_SUSPICIOUS_MOVE = YES;
				CLANG_WARN_UNGUARDED_AVAILABILITY = YES_AGGRESSIVE;
				CLANG_WARN_UNREACHABLE_CODE = YES;
				CLANG_WARN__DUPLICATE_METHOD_MATCH = YES;
				COPY_PHASE_STRIP = NO;
				DEBUG_INFORMATION_FORMAT = dwarf;
				ENABLE_STRICT_OBJC_MSGSEND = YES;
				ENABLE_TESTABILITY = YES;
				GCC_C_LANGUAGE_STANDARD = gnu11;
				GCC_DYNAMIC_NO_PIC = NO;
				GCC_NO_COMMON_BLOCKS = YES;
				GCC_OPTIMIZATION_LEVEL = 0;
				GCC_PREPROCESSOR_DEFINITIONS = (
					"DEBUG=1",
					"$(inherited)",
				);
				GCC_WARN_64_TO_32_BIT_CONVERSION = YES;
				GCC_WARN_ABOUT_RETURN_TYPE = YES_ERROR;
				GCC_WARN_UNDECLARED_SELECTOR = YES;
				GCC_WARN_UNINITIALIZED_AUTOS = YES_AGGRESSIVE;
				GCC_WARN_UNUSED_FUNCTION = YES;
				GCC_WARN_UNUSED_VARIABLE = YES;
				IPHONEOS_DEPLOYMENT_TARGET = 13.4;
				MTL_ENABLE_DEBUG_INFO = INCLUDE_SOURCE;
				MTL_FAST_MATH = YES;
				ONLY_ACTIVE_ARCH = YES;
				SDKROOT = iphoneos;
				SWIFT_ACTIVE_COMPILATION_CONDITIONS = DEBUG;
				SWIFT_OPTIMIZATION_LEVEL = "-Onone";
			};
			name = Debug;
		};
		6E261C08246BC0C60007302E /* Release */ = {
			isa = XCBuildConfiguration;
			buildSettings = {
				ALWAYS_SEARCH_USER_PATHS = NO;
				CLANG_ANALYZER_NONNULL = YES;
				CLANG_ANALYZER_NUMBER_OBJECT_CONVERSION = YES_AGGRESSIVE;
				CLANG_CXX_LANGUAGE_STANDARD = "gnu++14";
				CLANG_CXX_LIBRARY = "libc++";
				CLANG_ENABLE_MODULES = YES;
				CLANG_ENABLE_OBJC_ARC = YES;
				CLANG_ENABLE_OBJC_WEAK = YES;
				CLANG_WARN_BLOCK_CAPTURE_AUTORELEASING = YES;
				CLANG_WARN_BOOL_CONVERSION = YES;
				CLANG_WARN_COMMA = YES;
				CLANG_WARN_CONSTANT_CONVERSION = YES;
				CLANG_WARN_DEPRECATED_OBJC_IMPLEMENTATIONS = YES;
				CLANG_WARN_DIRECT_OBJC_ISA_USAGE = YES_ERROR;
				CLANG_WARN_DOCUMENTATION_COMMENTS = YES;
				CLANG_WARN_EMPTY_BODY = YES;
				CLANG_WARN_ENUM_CONVERSION = YES;
				CLANG_WARN_INFINITE_RECURSION = YES;
				CLANG_WARN_INT_CONVERSION = YES;
				CLANG_WARN_NON_LITERAL_NULL_CONVERSION = YES;
				CLANG_WARN_OBJC_IMPLICIT_RETAIN_SELF = YES;
				CLANG_WARN_OBJC_LITERAL_CONVERSION = YES;
				CLANG_WARN_OBJC_ROOT_CLASS = YES_ERROR;
				CLANG_WARN_RANGE_LOOP_ANALYSIS = YES;
				CLANG_WARN_STRICT_PROTOTYPES = YES;
				CLANG_WARN_SUSPICIOUS_MOVE = YES;
				CLANG_WARN_UNGUARDED_AVAILABILITY = YES_AGGRESSIVE;
				CLANG_WARN_UNREACHABLE_CODE = YES;
				CLANG_WARN__DUPLICATE_METHOD_MATCH = YES;
				COPY_PHASE_STRIP = NO;
				DEBUG_INFORMATION_FORMAT = "dwarf-with-dsym";
				ENABLE_NS_ASSERTIONS = NO;
				ENABLE_STRICT_OBJC_MSGSEND = YES;
				GCC_C_LANGUAGE_STANDARD = gnu11;
				GCC_NO_COMMON_BLOCKS = YES;
				GCC_WARN_64_TO_32_BIT_CONVERSION = YES;
				GCC_WARN_ABOUT_RETURN_TYPE = YES_ERROR;
				GCC_WARN_UNDECLARED_SELECTOR = YES;
				GCC_WARN_UNINITIALIZED_AUTOS = YES_AGGRESSIVE;
				GCC_WARN_UNUSED_FUNCTION = YES;
				GCC_WARN_UNUSED_VARIABLE = YES;
				IPHONEOS_DEPLOYMENT_TARGET = 13.4;
				MTL_ENABLE_DEBUG_INFO = NO;
				MTL_FAST_MATH = YES;
				SDKROOT = iphoneos;
				SWIFT_COMPILATION_MODE = wholemodule;
				SWIFT_OPTIMIZATION_LEVEL = "-O";
				VALIDATE_PRODUCT = YES;
			};
			name = Release;
		};
		6E261C0A246BC0C60007302E /* Debug */ = {
			isa = XCBuildConfiguration;
			buildSettings = {
				ASSETCATALOG_COMPILER_APPICON_NAME = AppIcon;
				CODE_SIGN_STYLE = Automatic;
				INFOPLIST_FILE = TechMon/Info.plist;
				LD_RUNPATH_SEARCH_PATHS = (
					"$(inherited)",
					"@executable_path/Frameworks",
				);
				PRODUCT_BUNDLE_IDENTIFIER = app.Okada.Hattsunn.TechMon;
				PRODUCT_NAME = "$(TARGET_NAME)";
				SWIFT_VERSION = 5.0;
				TARGETED_DEVICE_FAMILY = "1,2";
			};
			name = Debug;
		};
		6E261C0B246BC0C60007302E /* Release */ = {
			isa = XCBuildConfiguration;
			buildSettings = {
				ASSETCATALOG_COMPILER_APPICON_NAME = AppIcon;
				CODE_SIGN_STYLE = Automatic;
				INFOPLIST_FILE = TechMon/Info.plist;
				LD_RUNPATH_SEARCH_PATHS = (
					"$(inherited)",
					"@executable_path/Frameworks",
				);
				PRODUCT_BUNDLE_IDENTIFIER = app.Okada.Hattsunn.TechMon;
				PRODUCT_NAME = "$(TARGET_NAME)";
				SWIFT_VERSION = 5.0;
				TARGETED_DEVICE_FAMILY = "1,2";
			};
			name = Release;
		};
		6E261C0D246BC0C60007302E /* Debug */ = {
			isa = XCBuildConfiguration;
			buildSettings = {
				ALWAYS_EMBED_SWIFT_STANDARD_LIBRARIES = YES;
				BUNDLE_LOADER = "$(TEST_HOST)";
				CODE_SIGN_STYLE = Automatic;
				INFOPLIST_FILE = TechMonTests/Info.plist;
				IPHONEOS_DEPLOYMENT_TARGET = 13.4;
				LD_RUNPATH_SEARCH_PATHS = (
					"$(inherited)",
					"@executable_path/Frameworks",
					"@loader_path/Frameworks",
				);
				PRODUCT_BUNDLE_IDENTIFIER = app.Okada.Hattsunn.TechMonTests;
				PRODUCT_NAME = "$(TARGET_NAME)";
				SWIFT_VERSION = 5.0;
				TARGETED_DEVICE_FAMILY = "1,2";
				TEST_HOST = "$(BUILT_PRODUCTS_DIR)/TechMon.app/TechMon";
			};
			name = Debug;
		};
		6E261C0E246BC0C60007302E /* Release */ = {
			isa = XCBuildConfiguration;
			buildSettings = {
				ALWAYS_EMBED_SWIFT_STANDARD_LIBRARIES = YES;
				BUNDLE_LOADER = "$(TEST_HOST)";
				CODE_SIGN_STYLE = Automatic;
				INFOPLIST_FILE = TechMonTests/Info.plist;
				IPHONEOS_DEPLOYMENT_TARGET = 13.4;
				LD_RUNPATH_SEARCH_PATHS = (
					"$(inherited)",
					"@executable_path/Frameworks",
					"@loader_path/Frameworks",
				);
				PRODUCT_BUNDLE_IDENTIFIER = app.Okada.Hattsunn.TechMonTests;
				PRODUCT_NAME = "$(TARGET_NAME)";
				SWIFT_VERSION = 5.0;
				TARGETED_DEVICE_FAMILY = "1,2";
				TEST_HOST = "$(BUILT_PRODUCTS_DIR)/TechMon.app/TechMon";
			};
			name = Release;
		};
		6E261C10246BC0C60007302E /* Debug */ = {
			isa = XCBuildConfiguration;
			buildSettings = {
				ALWAYS_EMBED_SWIFT_STANDARD_LIBRARIES = YES;
				CODE_SIGN_STYLE = Automatic;
				INFOPLIST_FILE = TechMonUITests/Info.plist;
				LD_RUNPATH_SEARCH_PATHS = (
					"$(inherited)",
					"@executable_path/Frameworks",
					"@loader_path/Frameworks",
				);
				PRODUCT_BUNDLE_IDENTIFIER = app.Okada.Hattsunn.TechMonUITests;
				PRODUCT_NAME = "$(TARGET_NAME)";
				SWIFT_VERSION = 5.0;
				TARGETED_DEVICE_FAMILY = "1,2";
				TEST_TARGET_NAME = TechMon;
			};
			name = Debug;
		};
		6E261C11246BC0C60007302E /* Release */ = {
			isa = XCBuildConfiguration;
			buildSettings = {
				ALWAYS_EMBED_SWIFT_STANDARD_LIBRARIES = YES;
				CODE_SIGN_STYLE = Automatic;
				INFOPLIST_FILE = TechMonUITests/Info.plist;
				LD_RUNPATH_SEARCH_PATHS = (
					"$(inherited)",
					"@executable_path/Frameworks",
					"@loader_path/Frameworks",
				);
				PRODUCT_BUNDLE_IDENTIFIER = app.Okada.Hattsunn.TechMonUITests;
				PRODUCT_NAME = "$(TARGET_NAME)";
				SWIFT_VERSION = 5.0;
				TARGETED_DEVICE_FAMILY = "1,2";
				TEST_TARGET_NAME = TechMon;
			};
			name = Release;
		};
/* End XCBuildConfiguration section */

/* Begin XCConfigurationList section */
		6E261BDA246BC0C10007302E /* Build configuration list for PBXProject "TechMon" */ = {
			isa = XCConfigurationList;
			buildConfigurations = (
				6E261C07246BC0C60007302E /* Debug */,
				6E261C08246BC0C60007302E /* Release */,
			);
			defaultConfigurationIsVisible = 0;
			defaultConfigurationName = Release;
		};
		6E261C09246BC0C60007302E /* Build configuration list for PBXNativeTarget "TechMon" */ = {
			isa = XCConfigurationList;
			buildConfigurations = (
				6E261C0A246BC0C60007302E /* Debug */,
				6E261C0B246BC0C60007302E /* Release */,
			);
			defaultConfigurationIsVisible = 0;
			defaultConfigurationName = Release;
		};
		6E261C0C246BC0C60007302E /* Build configuration list for PBXNativeTarget "TechMonTests" */ = {
			isa = XCConfigurationList;
			buildConfigurations = (
				6E261C0D246BC0C60007302E /* Debug */,
				6E261C0E246BC0C60007302E /* Release */,
			);
			defaultConfigurationIsVisible = 0;
			defaultConfigurationName = Release;
		};
		6E261C0F246BC0C60007302E /* Build configuration list for PBXNativeTarget "TechMonUITests" */ = {
			isa = XCConfigurationList;
			buildConfigurations = (
				6E261C10246BC0C60007302E /* Debug */,
				6E261C11246BC0C60007302E /* Release */,
			);
			defaultConfigurationIsVisible = 0;
			defaultConfigurationName = Release;
		};
/* End XCConfigurationList section */
	};
	rootObject = 6E261BD7246BC0C10007302E /* Project object */;
}
